// !$*UTF8*$!
{
	archiveVersion = 1;
	classes = {
	};
	objectVersion = 56;
	objects = {

/* Begin PBXBuildFile section */
		BE1B0C382A0940BC0067F492 /* AppDelegate.swift in Sources */ = {isa = PBXBuildFile; fileRef = BE1B0C372A0940BC0067F492 /* AppDelegate.swift */; };
		BE1B0C3A2A0940BC0067F492 /* SceneDelegate.swift in Sources */ = {isa = PBXBuildFile; fileRef = BE1B0C392A0940BC0067F492 /* SceneDelegate.swift */; };
		BE1B0C412A0940BD0067F492 /* Assets.xcassets in Resources */ = {isa = PBXBuildFile; fileRef = BE1B0C402A0940BD0067F492 /* Assets.xcassets */; };
		BE1B0C442A0940BD0067F492 /* LaunchScreen.storyboard in Resources */ = {isa = PBXBuildFile; fileRef = BE1B0C422A0940BD0067F492 /* LaunchScreen.storyboard */; };
		BE1B0C4C2A0943260067F492 /* WelcomeViewController.swift in Sources */ = {isa = PBXBuildFile; fileRef = BE1B0C4B2A0943260067F492 /* WelcomeViewController.swift */; };
		BE2500A52A83AB1C00E52F55 /* HistoryViewController.swift in Sources */ = {isa = PBXBuildFile; fileRef = BE2500A42A83AB1C00E52F55 /* HistoryViewController.swift */; };
		BE2500A72A83AB4B00E52F55 /* HistoryView.swift in Sources */ = {isa = PBXBuildFile; fileRef = BE2500A62A83AB4B00E52F55 /* HistoryView.swift */; };
		BE2500AB2A850F9400E52F55 /* Order.swift in Sources */ = {isa = PBXBuildFile; fileRef = BE2500AA2A850F9400E52F55 /* Order.swift */; };
		BE3512532A8FD89A00CBB6EE /* User.swift in Sources */ = {isa = PBXBuildFile; fileRef = BE3512522A8FD89A00CBB6EE /* User.swift */; };
		BE7BD4312A09B141004425B6 /* WelcomeView.swift in Sources */ = {isa = PBXBuildFile; fileRef = BE7BD4302A09B141004425B6 /* WelcomeView.swift */; };
		BE7BD4332A12F420004425B6 /* OrderViewController.swift in Sources */ = {isa = PBXBuildFile; fileRef = BE7BD4322A12F420004425B6 /* OrderViewController.swift */; };
		BE7BD4352A12F465004425B6 /* OrderView.swift in Sources */ = {isa = PBXBuildFile; fileRef = BE7BD4342A12F465004425B6 /* OrderView.swift */; };
		BE7BD4392A2A0986004425B6 /* OrderCell.swift in Sources */ = {isa = PBXBuildFile; fileRef = BE7BD4382A2A0986004425B6 /* OrderCell.swift */; };
		BE96416E2A50E23D000B9036 /* ItemCell.swift in Sources */ = {isa = PBXBuildFile; fileRef = BE96416D2A50E23D000B9036 /* ItemCell.swift */; };
		BEDACD2D2A8A7700006D6E34 /* HistoryCell.swift in Sources */ = {isa = PBXBuildFile; fileRef = BEDACD2C2A8A7700006D6E34 /* HistoryCell.swift */; };
		BEDACD2F2A8C150A006D6E34 /* DetailHistoryViewController.swift in Sources */ = {isa = PBXBuildFile; fileRef = BEDACD2E2A8C150A006D6E34 /* DetailHistoryViewController.swift */; };
		BEDACD312A8C1523006D6E34 /* DetailHistoryView.swift in Sources */ = {isa = PBXBuildFile; fileRef = BEDACD302A8C1523006D6E34 /* DetailHistoryView.swift */; };
		BEDACD332A8C18AE006D6E34 /* DetailHistoryCell.swift in Sources */ = {isa = PBXBuildFile; fileRef = BEDACD322A8C18AE006D6E34 /* DetailHistoryCell.swift */; };
		BEDACD372A8F928F006D6E34 /* FormViewController.swift in Sources */ = {isa = PBXBuildFile; fileRef = BEDACD362A8F928F006D6E34 /* FormViewController.swift */; };
		BEDACD392A8F92CE006D6E34 /* FormView.swift in Sources */ = {isa = PBXBuildFile; fileRef = BEDACD382A8F92CE006D6E34 /* FormView.swift */; };
/* End PBXBuildFile section */

/* Begin PBXFileReference section */
		BE1B0C342A0940BB0067F492 /* i_OrderforUs.app */ = {isa = PBXFileReference; explicitFileType = wrapper.application; includeInIndex = 0; path = i_OrderforUs.app; sourceTree = BUILT_PRODUCTS_DIR; };
		BE1B0C372A0940BC0067F492 /* AppDelegate.swift */ = {isa = PBXFileReference; lastKnownFileType = sourcecode.swift; path = AppDelegate.swift; sourceTree = "<group>"; };
		BE1B0C392A0940BC0067F492 /* SceneDelegate.swift */ = {isa = PBXFileReference; lastKnownFileType = sourcecode.swift; path = SceneDelegate.swift; sourceTree = "<group>"; };
		BE1B0C402A0940BD0067F492 /* Assets.xcassets */ = {isa = PBXFileReference; lastKnownFileType = folder.assetcatalog; path = Assets.xcassets; sourceTree = "<group>"; };
		BE1B0C432A0940BD0067F492 /* Base */ = {isa = PBXFileReference; lastKnownFileType = file.storyboard; name = Base; path = Base.lproj/LaunchScreen.storyboard; sourceTree = "<group>"; };
		BE1B0C452A0940BD0067F492 /* Info.plist */ = {isa = PBXFileReference; lastKnownFileType = text.plist.xml; path = Info.plist; sourceTree = "<group>"; };
		BE1B0C4B2A0943260067F492 /* WelcomeViewController.swift */ = {isa = PBXFileReference; lastKnownFileType = sourcecode.swift; path = WelcomeViewController.swift; sourceTree = "<group>"; };
		BE2500A42A83AB1C00E52F55 /* HistoryViewController.swift */ = {isa = PBXFileReference; lastKnownFileType = sourcecode.swift; path = HistoryViewController.swift; sourceTree = "<group>"; };
		BE2500A62A83AB4B00E52F55 /* HistoryView.swift */ = {isa = PBXFileReference; lastKnownFileType = sourcecode.swift; path = HistoryView.swift; sourceTree = "<group>"; };
		BE2500AA2A850F9400E52F55 /* Order.swift */ = {isa = PBXFileReference; lastKnownFileType = sourcecode.swift; path = Order.swift; sourceTree = "<group>"; };
		BE3512522A8FD89A00CBB6EE /* User.swift */ = {isa = PBXFileReference; lastKnownFileType = sourcecode.swift; path = User.swift; sourceTree = "<group>"; };
		BE7BD4302A09B141004425B6 /* WelcomeView.swift */ = {isa = PBXFileReference; lastKnownFileType = sourcecode.swift; path = WelcomeView.swift; sourceTree = "<group>"; };
		BE7BD4322A12F420004425B6 /* OrderViewController.swift */ = {isa = PBXFileReference; lastKnownFileType = sourcecode.swift; path = OrderViewController.swift; sourceTree = "<group>"; };
		BE7BD4342A12F465004425B6 /* OrderView.swift */ = {isa = PBXFileReference; lastKnownFileType = sourcecode.swift; path = OrderView.swift; sourceTree = "<group>"; };
		BE7BD4382A2A0986004425B6 /* OrderCell.swift */ = {isa = PBXFileReference; lastKnownFileType = sourcecode.swift; path = OrderCell.swift; sourceTree = "<group>"; };
		BE96416D2A50E23D000B9036 /* ItemCell.swift */ = {isa = PBXFileReference; lastKnownFileType = sourcecode.swift; path = ItemCell.swift; sourceTree = "<group>"; };
		BEDACD2C2A8A7700006D6E34 /* HistoryCell.swift */ = {isa = PBXFileReference; lastKnownFileType = sourcecode.swift; path = HistoryCell.swift; sourceTree = "<group>"; };
		BEDACD2E2A8C150A006D6E34 /* DetailHistoryViewController.swift */ = {isa = PBXFileReference; lastKnownFileType = sourcecode.swift; path = DetailHistoryViewController.swift; sourceTree = "<group>"; };
		BEDACD302A8C1523006D6E34 /* DetailHistoryView.swift */ = {isa = PBXFileReference; lastKnownFileType = sourcecode.swift; path = DetailHistoryView.swift; sourceTree = "<group>"; };
		BEDACD322A8C18AE006D6E34 /* DetailHistoryCell.swift */ = {isa = PBXFileReference; lastKnownFileType = sourcecode.swift; path = DetailHistoryCell.swift; sourceTree = "<group>"; };
		BEDACD362A8F928F006D6E34 /* FormViewController.swift */ = {isa = PBXFileReference; lastKnownFileType = sourcecode.swift; path = FormViewController.swift; sourceTree = "<group>"; };
		BEDACD382A8F92CE006D6E34 /* FormView.swift */ = {isa = PBXFileReference; lastKnownFileType = sourcecode.swift; path = FormView.swift; sourceTree = "<group>"; };
/* End PBXFileReference section */

/* Begin PBXFrameworksBuildPhase section */
		BE1B0C312A0940BB0067F492 /* Frameworks */ = {
			isa = PBXFrameworksBuildPhase;
			buildActionMask = 2147483647;
			files = (
			);
			runOnlyForDeploymentPostprocessing = 0;
		};
/* End PBXFrameworksBuildPhase section */

/* Begin PBXGroup section */
		38786D954C045D323387A56C /* Pods */ = {
			isa = PBXGroup;
			children = (
			);
			path = Pods;
			sourceTree = "<group>";
		};
		BE1B0C2B2A0940BB0067F492 = {
			isa = PBXGroup;
			children = (
				BE1B0C362A0940BC0067F492 /* i_OrderforUs */,
				BE1B0C372A0940BC0067F492 /* AppDelegate.swift */,
				BE1B0C392A0940BC0067F492 /* SceneDelegate.swift */,
				BE1B0C402A0940BD0067F492 /* Assets.xcassets */,
				BE1B0C452A0940BD0067F492 /* Info.plist */,
				BE1B0C422A0940BD0067F492 /* LaunchScreen.storyboard */,
				BE1B0C352A0940BB0067F492 /* Products */,
				38786D954C045D323387A56C /* Pods */,
			);
			sourceTree = "<group>";
		};
		BE1B0C352A0940BB0067F492 /* Products */ = {
			isa = PBXGroup;
			children = (
				BE1B0C342A0940BB0067F492 /* i_OrderforUs.app */,
			);
			name = Products;
			sourceTree = "<group>";
		};
		BE1B0C362A0940BC0067F492 /* i_OrderforUs */ = {
			isa = PBXGroup;
			children = (
				BE3512542A9550E200CBB6EE /* Order */,
				BE3512562A95511800CBB6EE /* Form */,
				BE3512572A95512D00CBB6EE /* History */,
				BE3512582A95514900CBB6EE /* DetailHistory */,
				BE1B0C4E2A0943450067F492 /* Model */,
				BE1B0C4D2A0943370067F492 /* Welcome */,
			);
			path = i_OrderforUs;
			sourceTree = "<group>";
		};
		BE1B0C4D2A0943370067F492 /* Welcome */ = {
			isa = PBXGroup;
			children = (
				BE7BD4302A09B141004425B6 /* WelcomeView.swift */,
				BE1B0C4B2A0943260067F492 /* WelcomeViewController.swift */,
			);
			path = Welcome;
			sourceTree = "<group>";
		};
		BE1B0C4E2A0943450067F492 /* Model */ = {
			isa = PBXGroup;
			children = (
				BE7BD4382A2A0986004425B6 /* OrderCell.swift */,
				BE2500AA2A850F9400E52F55 /* Order.swift */,
				BE3512522A8FD89A00CBB6EE /* User.swift */,
			);
			name = Model;
			sourceTree = "<group>";
		};
		BE3512542A9550E200CBB6EE /* Order */ = {
			isa = PBXGroup;
			children = (
				BE96416D2A50E23D000B9036 /* ItemCell.swift */,
				BE7BD4342A12F465004425B6 /* OrderView.swift */,
				BE7BD4322A12F420004425B6 /* OrderViewController.swift */,
			);
			path = Order;
			sourceTree = "<group>";
		};
		BE3512562A95511800CBB6EE /* Form */ = {
			isa = PBXGroup;
			children = (
				BEDACD382A8F92CE006D6E34 /* FormView.swift */,
				BEDACD362A8F928F006D6E34 /* FormViewController.swift */,
			);
			name = Form;
			sourceTree = "<group>";
		};
		BE3512572A95512D00CBB6EE /* History */ = {
			isa = PBXGroup;
			children = (
				BEDACD2C2A8A7700006D6E34 /* HistoryCell.swift */,
				BE2500A62A83AB4B00E52F55 /* HistoryView.swift */,
				BE2500A42A83AB1C00E52F55 /* HistoryViewController.swift */,
			);
			path = History;
			sourceTree = "<group>";
		};
		BE3512582A95514900CBB6EE /* DetailHistory */ = {
			isa = PBXGroup;
			children = (
				BEDACD322A8C18AE006D6E34 /* DetailHistoryCell.swift */,
				BEDACD302A8C1523006D6E34 /* DetailHistoryView.swift */,
				BEDACD2E2A8C150A006D6E34 /* DetailHistoryViewController.swift */,
			);
			name = DetailHistory;
			sourceTree = "<group>";
		};
/* End PBXGroup section */

/* Begin PBXNativeTarget section */
		BE1B0C332A0940BB0067F492 /* i_OrderforUs */ = {
			isa = PBXNativeTarget;
			buildConfigurationList = BE1B0C482A0940BD0067F492 /* Build configuration list for PBXNativeTarget "i_OrderforUs" */;
			buildPhases = (
				BE1B0C302A0940BB0067F492 /* Sources */,
				BE1B0C312A0940BB0067F492 /* Frameworks */,
				BE1B0C322A0940BB0067F492 /* Resources */,
			);
			buildRules = (
			);
			dependencies = (
			);
			name = i_OrderforUs;
			productName = i_OrderforUs;
			productReference = BE1B0C342A0940BB0067F492 /* i_OrderforUs.app */;
			productType = "com.apple.product-type.application";
		};
/* End PBXNativeTarget section */

/* Begin PBXProject section */
		BE1B0C2C2A0940BB0067F492 /* Project object */ = {
			isa = PBXProject;
			attributes = {
				BuildIndependentTargetsInParallel = 1;
				LastSwiftUpdateCheck = 1430;
				LastUpgradeCheck = 1430;
				TargetAttributes = {
					BE1B0C332A0940BB0067F492 = {
						CreatedOnToolsVersion = 14.3;
					};
				};
			};
			buildConfigurationList = BE1B0C2F2A0940BB0067F492 /* Build configuration list for PBXProject "i_OrderforUs" */;
			compatibilityVersion = "Xcode 14.0";
			developmentRegion = en;
			hasScannedForEncodings = 0;
			knownRegions = (
				en,
				Base,
			);
			mainGroup = BE1B0C2B2A0940BB0067F492;
			productRefGroup = BE1B0C352A0940BB0067F492 /* Products */;
			projectDirPath = "";
			projectRoot = "";
			targets = (
				BE1B0C332A0940BB0067F492 /* i_OrderforUs */,
			);
		};
/* End PBXProject section */

/* Begin PBXResourcesBuildPhase section */
		BE1B0C322A0940BB0067F492 /* Resources */ = {
			isa = PBXResourcesBuildPhase;
			buildActionMask = 2147483647;
			files = (
				BE1B0C442A0940BD0067F492 /* LaunchScreen.storyboard in Resources */,
				BE1B0C412A0940BD0067F492 /* Assets.xcassets in Resources */,
			);
			runOnlyForDeploymentPostprocessing = 0;
		};
/* End PBXResourcesBuildPhase section */

/* Begin PBXSourcesBuildPhase section */
		BE1B0C302A0940BB0067F492 /* Sources */ = {
			isa = PBXSourcesBuildPhase;
			buildActionMask = 2147483647;
			files = (
				BEDACD2F2A8C150A006D6E34 /* DetailHistoryViewController.swift in Sources */,
				BEDACD332A8C18AE006D6E34 /* DetailHistoryCell.swift in Sources */,
				BE96416E2A50E23D000B9036 /* ItemCell.swift in Sources */,
				BE1B0C382A0940BC0067F492 /* AppDelegate.swift in Sources */,
				BE7BD4332A12F420004425B6 /* OrderViewController.swift in Sources */,
				BE2500A52A83AB1C00E52F55 /* HistoryViewController.swift in Sources */,
				BEDACD392A8F92CE006D6E34 /* FormView.swift in Sources */,
				BE3512532A8FD89A00CBB6EE /* User.swift in Sources */,
				BEDACD372A8F928F006D6E34 /* FormViewController.swift in Sources */,
				BE2500A72A83AB4B00E52F55 /* HistoryView.swift in Sources */,
				BE7BD4392A2A0986004425B6 /* OrderCell.swift in Sources */,
				BE1B0C3A2A0940BC0067F492 /* SceneDelegate.swift in Sources */,
				BE7BD4352A12F465004425B6 /* OrderView.swift in Sources */,
				BE2500AB2A850F9400E52F55 /* Order.swift in Sources */,
				BE1B0C4C2A0943260067F492 /* WelcomeViewController.swift in Sources */,
				BEDACD2D2A8A7700006D6E34 /* HistoryCell.swift in Sources */,
				BEDACD312A8C1523006D6E34 /* DetailHistoryView.swift in Sources */,
				BE7BD4312A09B141004425B6 /* WelcomeView.swift in Sources */,
			);
			runOnlyForDeploymentPostprocessing = 0;
		};
/* End PBXSourcesBuildPhase section */

/* Begin PBXVariantGroup section */
		BE1B0C422A0940BD0067F492 /* LaunchScreen.storyboard */ = {
			isa = PBXVariantGroup;
			children = (
				BE1B0C432A0940BD0067F492 /* Base */,
			);
			name = LaunchScreen.storyboard;
			sourceTree = "<group>";
		};
/* End PBXVariantGroup section */

/* Begin XCBuildConfiguration section */
		BE1B0C462A0940BD0067F492 /* Debug */ = {
			isa = XCBuildConfiguration;
			buildSettings = {
				ALWAYS_SEARCH_USER_PATHS = NO;
				CLANG_ANALYZER_NONNULL = YES;
				CLANG_ANALYZER_NUMBER_OBJECT_CONVERSION = YES_AGGRESSIVE;
				CLANG_CXX_LANGUAGE_STANDARD = "gnu++20";
				CLANG_ENABLE_MODULES = YES;
				CLANG_ENABLE_OBJC_ARC = YES;
				CLANG_ENABLE_OBJC_WEAK = YES;
				CLANG_WARN_BLOCK_CAPTURE_AUTORELEASING = YES;
				CLANG_WARN_BOOL_CONVERSION = YES;
				CLANG_WARN_COMMA = YES;
				CLANG_WARN_CONSTANT_CONVERSION = YES;
				CLANG_WARN_DEPRECATED_OBJC_IMPLEMENTATIONS = YES;
				CLANG_WARN_DIRECT_OBJC_ISA_USAGE = YES_ERROR;
				CLANG_WARN_DOCUMENTATION_COMMENTS = YES;
				CLANG_WARN_EMPTY_BODY = YES;
				CLANG_WARN_ENUM_CONVERSION = YES;
				CLANG_WARN_INFINITE_RECURSION = YES;
				CLANG_WARN_INT_CONVERSION = YES;
				CLANG_WARN_NON_LITERAL_NULL_CONVERSION = YES;
				CLANG_WARN_OBJC_IMPLICIT_RETAIN_SELF = YES;
				CLANG_WARN_OBJC_LITERAL_CONVERSION = YES;
				CLANG_WARN_OBJC_ROOT_CLASS = YES_ERROR;
				CLANG_WARN_QUOTED_INCLUDE_IN_FRAMEWORK_HEADER = YES;
				CLANG_WARN_RANGE_LOOP_ANALYSIS = YES;
				CLANG_WARN_STRICT_PROTOTYPES = YES;
				CLANG_WARN_SUSPICIOUS_MOVE = YES;
				CLANG_WARN_UNGUARDED_AVAILABILITY = YES_AGGRESSIVE;
				CLANG_WARN_UNREACHABLE_CODE = YES;
				CLANG_WARN__DUPLICATE_METHOD_MATCH = YES;
				COPY_PHASE_STRIP = NO;
				DEBUG_INFORMATION_FORMAT = dwarf;
				ENABLE_STRICT_OBJC_MSGSEND = YES;
				ENABLE_TESTABILITY = YES;
				GCC_C_LANGUAGE_STANDARD = gnu11;
				GCC_DYNAMIC_NO_PIC = NO;
				GCC_NO_COMMON_BLOCKS = YES;
				GCC_OPTIMIZATION_LEVEL = 0;
				GCC_PREPROCESSOR_DEFINITIONS = (
					"DEBUG=1",
					"$(inherited)",
				);
				GCC_WARN_64_TO_32_BIT_CONVERSION = YES;
				GCC_WARN_ABOUT_RETURN_TYPE = YES_ERROR;
				GCC_WARN_UNDECLARED_SELECTOR = YES;
				GCC_WARN_UNINITIALIZED_AUTOS = YES_AGGRESSIVE;
				GCC_WARN_UNUSED_FUNCTION = YES;
				GCC_WARN_UNUSED_VARIABLE = YES;
				IPHONEOS_DEPLOYMENT_TARGET = 16.4;
				MTL_ENABLE_DEBUG_INFO = INCLUDE_SOURCE;
				MTL_FAST_MATH = YES;
				ONLY_ACTIVE_ARCH = YES;
				SDKROOT = iphoneos;
				SWIFT_ACTIVE_COMPILATION_CONDITIONS = DEBUG;
				SWIFT_OPTIMIZATION_LEVEL = "-Onone";
			};
			name = Debug;
		};
		BE1B0C472A0940BD0067F492 /* Release */ = {
			isa = XCBuildConfiguration;
			buildSettings = {
				ALWAYS_SEARCH_USER_PATHS = NO;
				CLANG_ANALYZER_NONNULL = YES;
				CLANG_ANALYZER_NUMBER_OBJECT_CONVERSION = YES_AGGRESSIVE;
				CLANG_CXX_LANGUAGE_STANDARD = "gnu++20";
				CLANG_ENABLE_MODULES = YES;
				CLANG_ENABLE_OBJC_ARC = YES;
				CLANG_ENABLE_OBJC_WEAK = YES;
				CLANG_WARN_BLOCK_CAPTURE_AUTORELEASING = YES;
				CLANG_WARN_BOOL_CONVERSION = YES;
				CLANG_WARN_COMMA = YES;
				CLANG_WARN_CONSTANT_CONVERSION = YES;
				CLANG_WARN_DEPRECATED_OBJC_IMPLEMENTATIONS = YES;
				CLANG_WARN_DIRECT_OBJC_ISA_USAGE = YES_ERROR;
				CLANG_WARN_DOCUMENTATION_COMMENTS = YES;
				CLANG_WARN_EMPTY_BODY = YES;
				CLANG_WARN_ENUM_CONVERSION = YES;
				CLANG_WARN_INFINITE_RECURSION = YES;
				CLANG_WARN_INT_CONVERSION = YES;
				CLANG_WARN_NON_LITERAL_NULL_CONVERSION = YES;
				CLANG_WARN_OBJC_IMPLICIT_RETAIN_SELF = YES;
				CLANG_WARN_OBJC_LITERAL_CONVERSION = YES;
				CLANG_WARN_OBJC_ROOT_CLASS = YES_ERROR;
				CLANG_WARN_QUOTED_INCLUDE_IN_FRAMEWORK_HEADER = YES;
				CLANG_WARN_RANGE_LOOP_ANALYSIS = YES;
				CLANG_WARN_STRICT_PROTOTYPES = YES;
				CLANG_WARN_SUSPICIOUS_MOVE = YES;
				CLANG_WARN_UNGUARDED_AVAILABILITY = YES_AGGRESSIVE;
				CLANG_WARN_UNREACHABLE_CODE = YES;
				CLANG_WARN__DUPLICATE_METHOD_MATCH = YES;
				COPY_PHASE_STRIP = NO;
				DEBUG_INFORMATION_FORMAT = "dwarf-with-dsym";
				ENABLE_NS_ASSERTIONS = NO;
				ENABLE_STRICT_OBJC_MSGSEND = YES;
				GCC_C_LANGUAGE_STANDARD = gnu11;
				GCC_NO_COMMON_BLOCKS = YES;
				GCC_WARN_64_TO_32_BIT_CONVERSION = YES;
				GCC_WARN_ABOUT_RETURN_TYPE = YES_ERROR;
				GCC_WARN_UNDECLARED_SELECTOR = YES;
				GCC_WARN_UNINITIALIZED_AUTOS = YES_AGGRESSIVE;
				GCC_WARN_UNUSED_FUNCTION = YES;
				GCC_WARN_UNUSED_VARIABLE = YES;
				IPHONEOS_DEPLOYMENT_TARGET = 16.4;
				MTL_ENABLE_DEBUG_INFO = NO;
				MTL_FAST_MATH = YES;
				SDKROOT = iphoneos;
				SWIFT_COMPILATION_MODE = wholemodule;
				SWIFT_OPTIMIZATION_LEVEL = "-O";
				VALIDATE_PRODUCT = YES;
			};
			name = Release;
		};
		BE1B0C492A0940BD0067F492 /* Debug */ = {
			isa = XCBuildConfiguration;
			buildSettings = {
				ASSETCATALOG_COMPILER_APPICON_NAME = AppIcon;
				ASSETCATALOG_COMPILER_GLOBAL_ACCENT_COLOR_NAME = AccentColor;
				CODE_SIGN_STYLE = Automatic;
				CURRENT_PROJECT_VERSION = 1;
				DEVELOPMENT_ASSET_PATHS = "";
				DEVELOPMENT_TEAM = NFCN48J3SZ;
				GENERATE_INFOPLIST_FILE = YES;
				INFOPLIST_FILE = /Users/gin6/Documents/Development/i_OrderforUs/Info.plist;
				INFOPLIST_KEY_UIApplicationSupportsIndirectInputEvents = YES;
				INFOPLIST_KEY_UILaunchStoryboardName = LaunchScreen;
				INFOPLIST_KEY_UIMainStoryboardFile = "";
				INFOPLIST_KEY_UISupportedInterfaceOrientations_iPad = "UIInterfaceOrientationPortrait UIInterfaceOrientationPortraitUpsideDown UIInterfaceOrientationLandscapeLeft UIInterfaceOrientationLandscapeRight";
				INFOPLIST_KEY_UISupportedInterfaceOrientations_iPhone = "UIInterfaceOrientationPortrait UIInterfaceOrientationLandscapeLeft UIInterfaceOrientationLandscapeRight";
				LD_RUNPATH_SEARCH_PATHS = (
					"$(inherited)",
					"@executable_path/Frameworks",
				);
				MARKETING_VERSION = 1.0;
				PRODUCT_BUNDLE_IDENTIFIER = "Gin6x.i-OrderforUs";
				PRODUCT_NAME = "$(TARGET_NAME)";
				SWIFT_EMIT_LOC_STRINGS = YES;
				SWIFT_VERSION = 5.0;
				TARGETED_DEVICE_FAMILY = "1,2";
			};
			name = Debug;
		};
		BE1B0C4A2A0940BD0067F492 /* Release */ = {
			isa = XCBuildConfiguration;
			buildSettings = {
				ASSETCATALOG_COMPILER_APPICON_NAME = AppIcon;
				ASSETCATALOG_COMPILER_GLOBAL_ACCENT_COLOR_NAME = AccentColor;
				CODE_SIGN_STYLE = Automatic;
				CURRENT_PROJECT_VERSION = 1;
				DEVELOPMENT_ASSET_PATHS = "";
				DEVELOPMENT_TEAM = NFCN48J3SZ;
				GENERATE_INFOPLIST_FILE = YES;
				INFOPLIST_FILE = /Users/gin6/Documents/Development/i_OrderforUs/Info.plist;
				INFOPLIST_KEY_UIApplicationSupportsIndirectInputEvents = YES;
				INFOPLIST_KEY_UILaunchStoryboardName = LaunchScreen;
				INFOPLIST_KEY_UIMainStoryboardFile = "";
				INFOPLIST_KEY_UISupportedInterfaceOrientations_iPad = "UIInterfaceOrientationPortrait UIInterfaceOrientationPortraitUpsideDown UIInterfaceOrientationLandscapeLeft UIInterfaceOrientationLandscapeRight";
				INFOPLIST_KEY_UISupportedInterfaceOrientations_iPhone = "UIInterfaceOrientationPortrait UIInterfaceOrientationLandscapeLeft UIInterfaceOrientationLandscapeRight";
				LD_RUNPATH_SEARCH_PATHS = (
					"$(inherited)",
					"@executable_path/Frameworks",
				);
				MARKETING_VERSION = 1.0;
				PRODUCT_BUNDLE_IDENTIFIER = "Gin6x.i-OrderforUs";
				PRODUCT_NAME = "$(TARGET_NAME)";
				SWIFT_EMIT_LOC_STRINGS = YES;
				SWIFT_VERSION = 5.0;
				TARGETED_DEVICE_FAMILY = "1,2";
			};
			name = Release;
		};
/* End XCBuildConfiguration section */

/* Begin XCConfigurationList section */
		BE1B0C2F2A0940BB0067F492 /* Build configuration list for PBXProject "i_OrderforUs" */ = {
			isa = XCConfigurationList;
			buildConfigurations = (
				BE1B0C462A0940BD0067F492 /* Debug */,
				BE1B0C472A0940BD0067F492 /* Release */,
			);
			defaultConfigurationIsVisible = 0;
			defaultConfigurationName = Release;
		};
		BE1B0C482A0940BD0067F492 /* Build configuration list for PBXNativeTarget "i_OrderforUs" */ = {
			isa = XCConfigurationList;
			buildConfigurations = (
				BE1B0C492A0940BD0067F492 /* Debug */,
				BE1B0C4A2A0940BD0067F492 /* Release */,
			);
			defaultConfigurationIsVisible = 0;
			defaultConfigurationName = Release;
		};
/* End XCConfigurationList section */
	};
	rootObject = BE1B0C2C2A0940BB0067F492 /* Project object */;
}
